
Microsoft Visual Studio Solution File, Format Version 12.00
# Visual Studio Version 17
VisualStudioVersion = 17.3.32929.385
MinimumVisualStudioVersion = 10.0.40219.1
Project("{FAE04EC0-301F-11D3-BF4B-00C04F79EFBC}") = "20110431_TangTamNhu_FinalProject", "20110431_TangTamNhu_FinalProject\20110431_TangTamNhu_FinalProject.csproj", "{B2E3B51E-2F02-4C21-98DC-90122663AFE7}"
EndProject
Global
	GlobalSection(SolutionConfigurationPlatforms) = preSolution
		Debug|Any CPU = Debug|Any CPU
		Release|Any CPU = Release|Any CPU
	EndGlobalSection
	GlobalSection(ProjectConfigurationPlatforms) = postSolution
		{B2E3B51E-2F02-4C21-98DC-90122663AFE7}.Debug|Any CPU.ActiveCfg = Debug|Any CPU
		{B2E3B51E-2F02-4C21-98DC-90122663AFE7}.Debug|Any CPU.Build.0 = Debug|Any CPU
		{B2E3B51E-2F02-4C21-98DC-90122663AFE7}.Release|Any CPU.ActiveCfg = Release|Any CPU
		{B2E3B51E-2F02-4C21-98DC-90122663AFE7}.Release|Any CPU.Build.0 = Release|Any CPU
	EndGlobalSection
	GlobalSection(SolutionProperties) = preSolution
		HideSolutionNode = FALSE
	EndGlobalSection
	GlobalSection(ExtensibilityGlobals) = postSolution
		SolutionGuid = {69BCECAF-67A4-4FB1-A76A-FCC6BFDA5462}
	EndGlobalSection
EndGlobal
